DEPENDENCIES
  mo_mysql
    path: .
    metadata: true
  mysql-multi
    git: https://github.com/rackspace-cookbooks/mysql-multi.git
    revision: 9112c1d62e8b9fb82060467a70acc2b0b491159a
  mysql_tuning
    git: https://github.com/onddo/mysql_tuning-cookbook.git
    revision: 70a1db066e7beae06f88f5fd5f7b3b9c67543c9b

GRAPH
  apt (2.7.0)
  build-essential (2.2.3)
  chef-sugar (2.5.0)
  mariadb (0.3.0)
    apt (>= 0.0.0)
    yum (>= 0.0.0)
    yum-epel (>= 0.0.0)
  mo_mysql (1.1.0)
    build-essential (~> 2.2.0)
    chef-sugar (~> 2.5.0)
    mysql (~> 6.0.0)
    mysql-multi (~> 2.1.2)
    mysql_tuning (~> 0.4.0)
  mysql (6.0.21)
    smf (>= 0.0.0)
    yum-mysql-community (>= 0.0.0)
  mysql-chef_gem (1.0.0)
    build-essential (>= 0.0.0)
  mysql-multi (2.1.5)
    apt (>= 0.0.0)
    chef-sugar (>= 0.0.0)
    mysql (>= 0.0.0)
    mysql2_chef_gem (~> 1.0)
    openssl (>= 0.0.0)
  mysql2_chef_gem (1.0.1)
    build-essential (>= 0.0.0)
    mariadb (>= 0.0.0)
    mysql (>= 0.0.0)
  mysql_tuning (0.4.0)
    mysql (>= 5.0.0)
    mysql-chef_gem (< 2.0.0)
    ohai (~> 2.0)
  ohai (2.0.1)
  openssl (4.0.0)
    chef-sugar (>= 0.0.0)
  rbac (1.0.3)
  smf (2.2.6)
    rbac (>= 1.0.1)
  yum (3.6.0)
  yum-epel (0.6.0)
    yum (~> 3.0)
  yum-mysql-community (0.1.17)
    yum (>= 3.0)
